Microsoft Visual Studio Solution File, Format Version 11.00
# Visual Studio 2010
Project("{FAE04EC0-301F-11D3-BF4B-00C04F79EFBC}") = "LoadingPanelEmulation", "LoadingPanelEmulation\LoadingPanelEmulation.csproj", "{1E0B5750-D502-4A5D-8890-FB4B35B075CF}"
EndProject
Global
	GlobalSection(SolutionConfigurationPlatforms) = preSolution
		Debug|Any CPU = Debug|Any CPU
		Release|Any CPU = Release|Any CPU
	EndGlobalSection
	GlobalSection(ProjectConfigurationPlatforms) = postSolution
		{1E0B5750-D502-4A5D-8890-FB4B35B075CF}.Debug|Any CPU.ActiveCfg = Debug|Any CPU
		{1E0B5750-D502-4A5D-8890-FB4B35B075CF}.Debug|Any CPU.Build.0 = Debug|Any CPU
		{1E0B5750-D502-4A5D-8890-FB4B35B075CF}.Release|Any CPU.ActiveCfg = Release|Any CPU
		{1E0B5750-D502-4A5D-8890-FB4B35B075CF}.Release|Any CPU.Build.0 = Release|Any CPU
	EndGlobalSection
	GlobalSection(SolutionProperties) = preSolution
		HideSolutionNode = FALSE
	EndGlobalSection
EndGlobal
